// !$*UTF8*$!
{
	archiveVersion = 1;
	classes = {
	};
	objectVersion = 51;
	objects = {

/* Begin PBXBuildFile section */
		04266EBF2AD5A2F400488149 /* SearchViewModel.swift in Sources */ = {isa = PBXBuildFile; fileRef = 04266EBE2AD5A2F400488149 /* SearchViewModel.swift */; };
		04266EC22AD5A32700488149 /* SearchUseCase.swift in Sources */ = {isa = PBXBuildFile; fileRef = 04266EC12AD5A32700488149 /* SearchUseCase.swift */; };
		04266EC52AD5A33800488149 /* SearchNavigator.swift in Sources */ = {isa = PBXBuildFile; fileRef = 04266EC42AD5A33800488149 /* SearchNavigator.swift */; };
		04266EC82AD5A55A00488149 /* UISearchBar+.swift in Sources */ = {isa = PBXBuildFile; fileRef = 04266EC72AD5A55A00488149 /* UISearchBar+.swift */; };
		04266ECB2AD5A57500488149 /* UIImage+.swift in Sources */ = {isa = PBXBuildFile; fileRef = 04266ECA2AD5A57500488149 /* UIImage+.swift */; };
		04266ED02AD5AB5F00488149 /* AnimeCollectionViewCell.swift in Sources */ = {isa = PBXBuildFile; fileRef = 04266ECE2AD5AB5F00488149 /* AnimeCollectionViewCell.swift */; };
		04266ED12AD5AB5F00488149 /* AnimeCollectionViewCell.xib in Resources */ = {isa = PBXBuildFile; fileRef = 04266ECF2AD5AB5F00488149 /* AnimeCollectionViewCell.xib */; };
		04266ED52AD62FCC00488149 /* SearchRequest.swift in Sources */ = {isa = PBXBuildFile; fileRef = 04266ED42AD62FCC00488149 /* SearchRequest.swift */; };
		04266ED82AD6360D00488149 /* SearchRepository.swift in Sources */ = {isa = PBXBuildFile; fileRef = 04266ED72AD6360D00488149 /* SearchRepository.swift */; };
		04266EDC2AD64B9B00488149 /* SeasonalViewModel.swift in Sources */ = {isa = PBXBuildFile; fileRef = 04266EDB2AD64B9B00488149 /* SeasonalViewModel.swift */; };
		04266EDF2AD64BC300488149 /* SeasonalUseCase.swift in Sources */ = {isa = PBXBuildFile; fileRef = 04266EDE2AD64BC300488149 /* SeasonalUseCase.swift */; };
		04266EE22AD64BD400488149 /* SeasonalNavigator.swift in Sources */ = {isa = PBXBuildFile; fileRef = 04266EE12AD64BD400488149 /* SeasonalNavigator.swift */; };
		04266EE92AD657F300488149 /* SeasonalRequest.swift in Sources */ = {isa = PBXBuildFile; fileRef = 04266EE82AD657F300488149 /* SeasonalRequest.swift */; };
		04266F012AD6734100488149 /* SeasonalRepository.swift in Sources */ = {isa = PBXBuildFile; fileRef = 04266F002AD6734100488149 /* SeasonalRepository.swift */; };
		04266F042AD6770F00488149 /* Filter.swift in Sources */ = {isa = PBXBuildFile; fileRef = 04266F032AD6770F00488149 /* Filter.swift */; };
		04266F122AD68AA800488149 /* String+.swift in Sources */ = {isa = PBXBuildFile; fileRef = 04266F112AD68AA800488149 /* String+.swift */; };
		04266F212AD6A68500488149 /* BottomSheetViewController.swift in Sources */ = {isa = PBXBuildFile; fileRef = 04266F1F2AD6A68500488149 /* BottomSheetViewController.swift */; };
		04266F222AD6A68500488149 /* BottomSheetViewController.xib in Resources */ = {isa = PBXBuildFile; fileRef = 04266F202AD6A68500488149 /* BottomSheetViewController.xib */; };
		04266F252AD6A89E00488149 /* PresentationController.swift in Sources */ = {isa = PBXBuildFile; fileRef = 04266F242AD6A89E00488149 /* PresentationController.swift */; };
		04266F282AD6E9FB00488149 /* UIButton+.swift in Sources */ = {isa = PBXBuildFile; fileRef = 04266F272AD6E9FB00488149 /* UIButton+.swift */; };
		04924A9C2AD7CB9300BEC003 /* DetailViewController.swift in Sources */ = {isa = PBXBuildFile; fileRef = 04924A9B2AD7CB9300BEC003 /* DetailViewController.swift */; };
		04924A9F2AD7CBAE00BEC003 /* DetailViewModel.swift in Sources */ = {isa = PBXBuildFile; fileRef = 04924A9E2AD7CBAE00BEC003 /* DetailViewModel.swift */; };
		04924AA32AD7CBCB00BEC003 /* DetailUseCase.swift in Sources */ = {isa = PBXBuildFile; fileRef = 04924AA22AD7CBCB00BEC003 /* DetailUseCase.swift */; };
		04924AA62AD7CBF200BEC003 /* DetailNavigator.swift in Sources */ = {isa = PBXBuildFile; fileRef = 04924AA52AD7CBF200BEC003 /* DetailNavigator.swift */; };
		04FA23642ACE4E380061AED7 /* AppDelegate.swift in Sources */ = {isa = PBXBuildFile; fileRef = 04FA23632ACE4E380061AED7 /* AppDelegate.swift */; };
		04FA236D2ACE4E3F0061AED7 /* Assets.xcassets in Resources */ = {isa = PBXBuildFile; fileRef = 04FA236C2ACE4E3F0061AED7 /* Assets.xcassets */; };
		04FA23702ACE4E3F0061AED7 /* LaunchScreen.storyboard in Resources */ = {isa = PBXBuildFile; fileRef = 04FA236E2ACE4E3F0061AED7 /* LaunchScreen.storyboard */; };
		04FA238F2ACE67DA0061AED7 /* APICaller.swift in Sources */ = {isa = PBXBuildFile; fileRef = 04FA238E2ACE67DA0061AED7 /* APICaller.swift */; };
		04FA23B72ACE97110061AED7 /* HomeViewController.swift in Sources */ = {isa = PBXBuildFile; fileRef = 04FA23B52ACE97110061AED7 /* HomeViewController.swift */; };
		04FA23B82ACE97110061AED7 /* HomeViewController.xib in Resources */ = {isa = PBXBuildFile; fileRef = 04FA23B62ACE97110061AED7 /* HomeViewController.xib */; };
		04FA23BC2ACE97300061AED7 /* FavoriteViewController.swift in Sources */ = {isa = PBXBuildFile; fileRef = 04FA23BA2ACE97300061AED7 /* FavoriteViewController.swift */; };
		04FA23BD2ACE97300061AED7 /* FavoriteViewController.xib in Resources */ = {isa = PBXBuildFile; fileRef = 04FA23BB2ACE97300061AED7 /* FavoriteViewController.xib */; };
		04FA23C12ACE97620061AED7 /* SeasonalViewController.swift in Sources */ = {isa = PBXBuildFile; fileRef = 04FA23BF2ACE97620061AED7 /* SeasonalViewController.swift */; };
		04FA23C22ACE97620061AED7 /* SeasonalViewController.xib in Resources */ = {isa = PBXBuildFile; fileRef = 04FA23C02ACE97620061AED7 /* SeasonalViewController.xib */; };
		04FA23C62ACE97780061AED7 /* SearchViewController.swift in Sources */ = {isa = PBXBuildFile; fileRef = 04FA23C42ACE97780061AED7 /* SearchViewController.swift */; };
		04FA23C72ACE97780061AED7 /* SearchViewController.xib in Resources */ = {isa = PBXBuildFile; fileRef = 04FA23C52ACE97780061AED7 /* SearchViewController.xib */; };
		04FA23CC2ACEA8700061AED7 /* swiftgen.yml in Resources */ = {isa = PBXBuildFile; fileRef = 04FA23CB2ACEA8700061AED7 /* swiftgen.yml */; };
		04FA23D32ACEABB40061AED7 /* Localizable.strings in Resources */ = {isa = PBXBuildFile; fileRef = 04FA23D22ACEABB40061AED7 /* Localizable.strings */; };
		04FA23D62ACEAEC80061AED7 /* Strings+Generated.swift in Sources */ = {isa = PBXBuildFile; fileRef = 04FA23D52ACEAEC80061AED7 /* Strings+Generated.swift */; };
		04FA23D92ACEAED20061AED7 /* XCAssets+Generated.swift in Sources */ = {isa = PBXBuildFile; fileRef = 04FA23D82ACEAED20061AED7 /* XCAssets+Generated.swift */; };
		04FA23EC2ACEB7FB0061AED7 /* Endpoint.swift in Sources */ = {isa = PBXBuildFile; fileRef = 04FA23EB2ACEB7FB0061AED7 /* Endpoint.swift */; };
		04FA23EF2ACEBB8D0061AED7 /* Anime.swift in Sources */ = {isa = PBXBuildFile; fileRef = 04FA23EE2ACEBB8D0061AED7 /* Anime.swift */; };
		04FA240A2ACF08C70061AED7 /* Image.swift in Sources */ = {isa = PBXBuildFile; fileRef = 04FA24092ACF08C70061AED7 /* Image.swift */; };
		04FA240D2ACF09420061AED7 /* BriefInfo.swift in Sources */ = {isa = PBXBuildFile; fileRef = 04FA240C2ACF09420061AED7 /* BriefInfo.swift */; };
		04FA24152ACF0C400061AED7 /* Statistics.swift in Sources */ = {isa = PBXBuildFile; fileRef = 04FA24142ACF0C400061AED7 /* Statistics.swift */; };
		04FA24182ACF0CF00061AED7 /* Score.swift in Sources */ = {isa = PBXBuildFile; fileRef = 04FA24172ACF0CF00061AED7 /* Score.swift */; };
		04FA241C2ACFA8E10061AED7 /* AnimeResponse.swift in Sources */ = {isa = PBXBuildFile; fileRef = 04FA241B2ACFA8E10061AED7 /* AnimeResponse.swift */; };
		04FA24202ACFA9190061AED7 /* StatisticsResponse.swift in Sources */ = {isa = PBXBuildFile; fileRef = 04FA241F2ACFA9190061AED7 /* StatisticsResponse.swift */; };
		04FA24232ACFA93E0061AED7 /* ImageResponse.swift in Sources */ = {isa = PBXBuildFile; fileRef = 04FA24222ACFA93E0061AED7 /* ImageResponse.swift */; };
		04FA24442ACFF64D0061AED7 /* HomeTableViewCell.swift in Sources */ = {isa = PBXBuildFile; fileRef = 04FA24422ACFF64D0061AED7 /* HomeTableViewCell.swift */; };
		04FA24452ACFF64D0061AED7 /* HomeTableViewCell.xib in Resources */ = {isa = PBXBuildFile; fileRef = 04FA24432ACFF64D0061AED7 /* HomeTableViewCell.xib */; };
		04FA24542ACFF8750061AED7 /* HomeViewModel.swift in Sources */ = {isa = PBXBuildFile; fileRef = 04FA24532ACFF8750061AED7 /* HomeViewModel.swift */; };
		04FA24582ACFF8F90061AED7 /* RecommendationsRepository.swift in Sources */ = {isa = PBXBuildFile; fileRef = 04FA24572ACFF8F90061AED7 /* RecommendationsRepository.swift */; };
		04FA24662AD1975A0061AED7 /* ViewModelType.swift in Sources */ = {isa = PBXBuildFile; fileRef = 04FA24652AD1975A0061AED7 /* ViewModelType.swift */; };
		04FA24692AD19D100061AED7 /* HomeUseCase.swift in Sources */ = {isa = PBXBuildFile; fileRef = 04FA24682AD19D100061AED7 /* HomeUseCase.swift */; };
		04FA246C2AD19D260061AED7 /* HomeNavigator.swift in Sources */ = {isa = PBXBuildFile; fileRef = 04FA246B2AD19D260061AED7 /* HomeNavigator.swift */; };
		04FA246F2AD1A52E0061AED7 /* Bindable.swift in Sources */ = {isa = PBXBuildFile; fileRef = 04FA246E2AD1A52E0061AED7 /* Bindable.swift */; };
		04FA24972AD38E990061AED7 /* AppNavigator.swift in Sources */ = {isa = PBXBuildFile; fileRef = 04FA24962AD38E990061AED7 /* AppNavigator.swift */; };
		04FA249B2AD38EAA0061AED7 /* AppUseCase.swift in Sources */ = {isa = PBXBuildFile; fileRef = 04FA249A2AD38EAA0061AED7 /* AppUseCase.swift */; };
		04FA249E2AD38EB80061AED7 /* AppViewModel.swift in Sources */ = {isa = PBXBuildFile; fileRef = 04FA249D2AD38EB80061AED7 /* AppViewModel.swift */; };
		04FA24A42AD392480061AED7 /* UIViewController+.swift in Sources */ = {isa = PBXBuildFile; fileRef = 04FA24A32AD392480061AED7 /* UIViewController+.swift */; };
		04FA24B32AD396CA0061AED7 /* ViewController+Rx.swift in Sources */ = {isa = PBXBuildFile; fileRef = 04FA24B22AD396CA0061AED7 /* ViewController+Rx.swift */; };
		04FA24B72AD3AACA0061AED7 /* Constant.swift in Sources */ = {isa = PBXBuildFile; fileRef = 04FA24B62AD3AACA0061AED7 /* Constant.swift */; };
		04FA24D92AD3D1480061AED7 /* BaseRequest.swift in Sources */ = {isa = PBXBuildFile; fileRef = 04FA24D82AD3D1480061AED7 /* BaseRequest.swift */; };
		04FA24E12AD3D3990061AED7 /* AnimeRequest.swift in Sources */ = {isa = PBXBuildFile; fileRef = 04FA24E02AD3D3990061AED7 /* AnimeRequest.swift */; };
		04FA24E92AD3E2000061AED7 /* UINavigationController+.swift in Sources */ = {isa = PBXBuildFile; fileRef = 04FA24E82AD3E2000061AED7 /* UINavigationController+.swift */; };
		6D05CA1B13EEAC5AEB429242 /* Pods_AnimeHub.framework in Frameworks */ = {isa = PBXBuildFile; fileRef = 05098AFED9167E78FC5D4212 /* Pods_AnimeHub.framework */; };
/* End PBXBuildFile section */

/* Begin PBXFileReference section */
		04266EBE2AD5A2F400488149 /* SearchViewModel.swift */ = {isa = PBXFileReference; lastKnownFileType = sourcecode.swift; path = SearchViewModel.swift; sourceTree = "<group>"; };
		04266EC12AD5A32700488149 /* SearchUseCase.swift */ = {isa = PBXFileReference; lastKnownFileType = sourcecode.swift; path = SearchUseCase.swift; sourceTree = "<group>"; };
		04266EC42AD5A33800488149 /* SearchNavigator.swift */ = {isa = PBXFileReference; lastKnownFileType = sourcecode.swift; path = SearchNavigator.swift; sourceTree = "<group>"; };
		04266EC72AD5A55A00488149 /* UISearchBar+.swift */ = {isa = PBXFileReference; lastKnownFileType = sourcecode.swift; path = "UISearchBar+.swift"; sourceTree = "<group>"; };
		04266ECA2AD5A57500488149 /* UIImage+.swift */ = {isa = PBXFileReference; lastKnownFileType = sourcecode.swift; path = "UIImage+.swift"; sourceTree = "<group>"; };
		04266ECE2AD5AB5F00488149 /* AnimeCollectionViewCell.swift */ = {isa = PBXFileReference; lastKnownFileType = sourcecode.swift; path = AnimeCollectionViewCell.swift; sourceTree = "<group>"; };
		04266ECF2AD5AB5F00488149 /* AnimeCollectionViewCell.xib */ = {isa = PBXFileReference; lastKnownFileType = file.xib; path = AnimeCollectionViewCell.xib; sourceTree = "<group>"; };
		04266ED42AD62FCC00488149 /* SearchRequest.swift */ = {isa = PBXFileReference; lastKnownFileType = sourcecode.swift; path = SearchRequest.swift; sourceTree = "<group>"; };
		04266ED72AD6360D00488149 /* SearchRepository.swift */ = {isa = PBXFileReference; lastKnownFileType = sourcecode.swift; path = SearchRepository.swift; sourceTree = "<group>"; };
		04266EDB2AD64B9B00488149 /* SeasonalViewModel.swift */ = {isa = PBXFileReference; lastKnownFileType = sourcecode.swift; path = SeasonalViewModel.swift; sourceTree = "<group>"; };
		04266EDE2AD64BC300488149 /* SeasonalUseCase.swift */ = {isa = PBXFileReference; lastKnownFileType = sourcecode.swift; path = SeasonalUseCase.swift; sourceTree = "<group>"; };
		04266EE12AD64BD400488149 /* SeasonalNavigator.swift */ = {isa = PBXFileReference; lastKnownFileType = sourcecode.swift; path = SeasonalNavigator.swift; sourceTree = "<group>"; };
		04266EE82AD657F300488149 /* SeasonalRequest.swift */ = {isa = PBXFileReference; lastKnownFileType = sourcecode.swift; path = SeasonalRequest.swift; sourceTree = "<group>"; };
		04266F002AD6734100488149 /* SeasonalRepository.swift */ = {isa = PBXFileReference; lastKnownFileType = sourcecode.swift; path = SeasonalRepository.swift; sourceTree = "<group>"; };
		04266F032AD6770F00488149 /* Filter.swift */ = {isa = PBXFileReference; lastKnownFileType = sourcecode.swift; path = Filter.swift; sourceTree = "<group>"; };
		04266F112AD68AA800488149 /* String+.swift */ = {isa = PBXFileReference; lastKnownFileType = sourcecode.swift; path = "String+.swift"; sourceTree = "<group>"; };
		04266F1F2AD6A68500488149 /* BottomSheetViewController.swift */ = {isa = PBXFileReference; lastKnownFileType = sourcecode.swift; path = BottomSheetViewController.swift; sourceTree = "<group>"; };
		04266F202AD6A68500488149 /* BottomSheetViewController.xib */ = {isa = PBXFileReference; lastKnownFileType = file.xib; path = BottomSheetViewController.xib; sourceTree = "<group>"; };
		04266F242AD6A89E00488149 /* PresentationController.swift */ = {isa = PBXFileReference; lastKnownFileType = sourcecode.swift; path = PresentationController.swift; sourceTree = "<group>"; };
		04266F272AD6E9FB00488149 /* UIButton+.swift */ = {isa = PBXFileReference; lastKnownFileType = sourcecode.swift; path = "UIButton+.swift"; sourceTree = "<group>"; };
		04924A9B2AD7CB9300BEC003 /* DetailViewController.swift */ = {isa = PBXFileReference; lastKnownFileType = sourcecode.swift; path = DetailViewController.swift; sourceTree = "<group>"; };
		04924A9E2AD7CBAE00BEC003 /* DetailViewModel.swift */ = {isa = PBXFileReference; lastKnownFileType = sourcecode.swift; path = DetailViewModel.swift; sourceTree = "<group>"; };
		04924AA22AD7CBCB00BEC003 /* DetailUseCase.swift */ = {isa = PBXFileReference; lastKnownFileType = sourcecode.swift; path = DetailUseCase.swift; sourceTree = "<group>"; };
		04924AA52AD7CBF200BEC003 /* DetailNavigator.swift */ = {isa = PBXFileReference; lastKnownFileType = sourcecode.swift; path = DetailNavigator.swift; sourceTree = "<group>"; };
		04FA23602ACE4E380061AED7 /* AnimeHub.app */ = {isa = PBXFileReference; explicitFileType = wrapper.application; includeInIndex = 0; path = AnimeHub.app; sourceTree = BUILT_PRODUCTS_DIR; };
		04FA23632ACE4E380061AED7 /* AppDelegate.swift */ = {isa = PBXFileReference; lastKnownFileType = sourcecode.swift; path = AppDelegate.swift; sourceTree = "<group>"; };
		04FA236C2ACE4E3F0061AED7 /* Assets.xcassets */ = {isa = PBXFileReference; lastKnownFileType = folder.assetcatalog; path = Assets.xcassets; sourceTree = "<group>"; };
		04FA236F2ACE4E3F0061AED7 /* Base */ = {isa = PBXFileReference; lastKnownFileType = file.storyboard; name = Base; path = Base.lproj/LaunchScreen.storyboard; sourceTree = "<group>"; };
		04FA23712ACE4E3F0061AED7 /* Info.plist */ = {isa = PBXFileReference; lastKnownFileType = text.plist.xml; path = Info.plist; sourceTree = "<group>"; };
		04FA238E2ACE67DA0061AED7 /* APICaller.swift */ = {isa = PBXFileReference; lastKnownFileType = sourcecode.swift; path = APICaller.swift; sourceTree = "<group>"; };
		04FA23B52ACE97110061AED7 /* HomeViewController.swift */ = {isa = PBXFileReference; lastKnownFileType = sourcecode.swift; path = HomeViewController.swift; sourceTree = "<group>"; };
		04FA23B62ACE97110061AED7 /* HomeViewController.xib */ = {isa = PBXFileReference; lastKnownFileType = file.xib; path = HomeViewController.xib; sourceTree = "<group>"; };
		04FA23BA2ACE97300061AED7 /* FavoriteViewController.swift */ = {isa = PBXFileReference; lastKnownFileType = sourcecode.swift; path = FavoriteViewController.swift; sourceTree = "<group>"; };
		04FA23BB2ACE97300061AED7 /* FavoriteViewController.xib */ = {isa = PBXFileReference; lastKnownFileType = file.xib; path = FavoriteViewController.xib; sourceTree = "<group>"; };
		04FA23BF2ACE97620061AED7 /* SeasonalViewController.swift */ = {isa = PBXFileReference; lastKnownFileType = sourcecode.swift; path = SeasonalViewController.swift; sourceTree = "<group>"; };
		04FA23C02ACE97620061AED7 /* SeasonalViewController.xib */ = {isa = PBXFileReference; lastKnownFileType = file.xib; path = SeasonalViewController.xib; sourceTree = "<group>"; };
		04FA23C42ACE97780061AED7 /* SearchViewController.swift */ = {isa = PBXFileReference; lastKnownFileType = sourcecode.swift; path = SearchViewController.swift; sourceTree = "<group>"; };
		04FA23C52ACE97780061AED7 /* SearchViewController.xib */ = {isa = PBXFileReference; lastKnownFileType = file.xib; path = SearchViewController.xib; sourceTree = "<group>"; };
		04FA23CB2ACEA8700061AED7 /* swiftgen.yml */ = {isa = PBXFileReference; fileEncoding = 4; lastKnownFileType = text.yaml; path = swiftgen.yml; sourceTree = "<group>"; };
		04FA23D22ACEABB40061AED7 /* Localizable.strings */ = {isa = PBXFileReference; lastKnownFileType = text.plist.strings; path = Localizable.strings; sourceTree = "<group>"; };
		04FA23D52ACEAEC80061AED7 /* Strings+Generated.swift */ = {isa = PBXFileReference; fileEncoding = 4; lastKnownFileType = sourcecode.swift; path = "Strings+Generated.swift"; sourceTree = "<group>"; };
		04FA23D82ACEAED20061AED7 /* XCAssets+Generated.swift */ = {isa = PBXFileReference; fileEncoding = 4; lastKnownFileType = sourcecode.swift; path = "XCAssets+Generated.swift"; sourceTree = "<group>"; };
		04FA23EB2ACEB7FB0061AED7 /* Endpoint.swift */ = {isa = PBXFileReference; lastKnownFileType = sourcecode.swift; path = Endpoint.swift; sourceTree = "<group>"; };
		04FA23EE2ACEBB8D0061AED7 /* Anime.swift */ = {isa = PBXFileReference; lastKnownFileType = sourcecode.swift; path = Anime.swift; sourceTree = "<group>"; };
		04FA24092ACF08C70061AED7 /* Image.swift */ = {isa = PBXFileReference; lastKnownFileType = sourcecode.swift; path = Image.swift; sourceTree = "<group>"; };
		04FA240C2ACF09420061AED7 /* BriefInfo.swift */ = {isa = PBXFileReference; lastKnownFileType = sourcecode.swift; path = BriefInfo.swift; sourceTree = "<group>"; };
		04FA24142ACF0C400061AED7 /* Statistics.swift */ = {isa = PBXFileReference; lastKnownFileType = sourcecode.swift; path = Statistics.swift; sourceTree = "<group>"; };
		04FA24172ACF0CF00061AED7 /* Score.swift */ = {isa = PBXFileReference; lastKnownFileType = sourcecode.swift; path = Score.swift; sourceTree = "<group>"; };
		04FA241B2ACFA8E10061AED7 /* AnimeResponse.swift */ = {isa = PBXFileReference; lastKnownFileType = sourcecode.swift; path = AnimeResponse.swift; sourceTree = "<group>"; };
		04FA241F2ACFA9190061AED7 /* StatisticsResponse.swift */ = {isa = PBXFileReference; lastKnownFileType = sourcecode.swift; path = StatisticsResponse.swift; sourceTree = "<group>"; };
		04FA24222ACFA93E0061AED7 /* ImageResponse.swift */ = {isa = PBXFileReference; lastKnownFileType = sourcecode.swift; path = ImageResponse.swift; sourceTree = "<group>"; };
		04FA24422ACFF64D0061AED7 /* HomeTableViewCell.swift */ = {isa = PBXFileReference; fileEncoding = 4; lastKnownFileType = sourcecode.swift; path = HomeTableViewCell.swift; sourceTree = "<group>"; };
		04FA24432ACFF64D0061AED7 /* HomeTableViewCell.xib */ = {isa = PBXFileReference; fileEncoding = 4; lastKnownFileType = file.xib; path = HomeTableViewCell.xib; sourceTree = "<group>"; };
		04FA24532ACFF8750061AED7 /* HomeViewModel.swift */ = {isa = PBXFileReference; lastKnownFileType = sourcecode.swift; path = HomeViewModel.swift; sourceTree = "<group>"; };
		04FA24572ACFF8F90061AED7 /* RecommendationsRepository.swift */ = {isa = PBXFileReference; lastKnownFileType = sourcecode.swift; path = RecommendationsRepository.swift; sourceTree = "<group>"; };
		04FA24652AD1975A0061AED7 /* ViewModelType.swift */ = {isa = PBXFileReference; lastKnownFileType = sourcecode.swift; path = ViewModelType.swift; sourceTree = "<group>"; };
		04FA24682AD19D100061AED7 /* HomeUseCase.swift */ = {isa = PBXFileReference; lastKnownFileType = sourcecode.swift; path = HomeUseCase.swift; sourceTree = "<group>"; };
		04FA246B2AD19D260061AED7 /* HomeNavigator.swift */ = {isa = PBXFileReference; lastKnownFileType = sourcecode.swift; path = HomeNavigator.swift; sourceTree = "<group>"; };
		04FA246E2AD1A52E0061AED7 /* Bindable.swift */ = {isa = PBXFileReference; lastKnownFileType = sourcecode.swift; path = Bindable.swift; sourceTree = "<group>"; };
		04FA24962AD38E990061AED7 /* AppNavigator.swift */ = {isa = PBXFileReference; lastKnownFileType = sourcecode.swift; path = AppNavigator.swift; sourceTree = "<group>"; };
		04FA249A2AD38EAA0061AED7 /* AppUseCase.swift */ = {isa = PBXFileReference; lastKnownFileType = sourcecode.swift; path = AppUseCase.swift; sourceTree = "<group>"; };
		04FA249D2AD38EB80061AED7 /* AppViewModel.swift */ = {isa = PBXFileReference; lastKnownFileType = sourcecode.swift; path = AppViewModel.swift; sourceTree = "<group>"; };
		04FA24A32AD392480061AED7 /* UIViewController+.swift */ = {isa = PBXFileReference; lastKnownFileType = sourcecode.swift; path = "UIViewController+.swift"; sourceTree = "<group>"; };
		04FA24B22AD396CA0061AED7 /* ViewController+Rx.swift */ = {isa = PBXFileReference; lastKnownFileType = sourcecode.swift; path = "ViewController+Rx.swift"; sourceTree = "<group>"; };
		04FA24B62AD3AACA0061AED7 /* Constant.swift */ = {isa = PBXFileReference; lastKnownFileType = sourcecode.swift; path = Constant.swift; sourceTree = "<group>"; };
		04FA24D82AD3D1480061AED7 /* BaseRequest.swift */ = {isa = PBXFileReference; lastKnownFileType = sourcecode.swift; path = BaseRequest.swift; sourceTree = "<group>"; };
		04FA24E02AD3D3990061AED7 /* AnimeRequest.swift */ = {isa = PBXFileReference; lastKnownFileType = sourcecode.swift; path = AnimeRequest.swift; sourceTree = "<group>"; };
		04FA24E82AD3E2000061AED7 /* UINavigationController+.swift */ = {isa = PBXFileReference; lastKnownFileType = sourcecode.swift; path = "UINavigationController+.swift"; sourceTree = "<group>"; };
		05098AFED9167E78FC5D4212 /* Pods_AnimeHub.framework */ = {isa = PBXFileReference; explicitFileType = wrapper.framework; includeInIndex = 0; path = Pods_AnimeHub.framework; sourceTree = BUILT_PRODUCTS_DIR; };
		847D97C30EEDDF7440987817 /* Pods-AnimeHub.release.xcconfig */ = {isa = PBXFileReference; includeInIndex = 1; lastKnownFileType = text.xcconfig; name = "Pods-AnimeHub.release.xcconfig"; path = "Target Support Files/Pods-AnimeHub/Pods-AnimeHub.release.xcconfig"; sourceTree = "<group>"; };
		9EE7942C5408492F9D390252 /* Pods-AnimeHub.debug.xcconfig */ = {isa = PBXFileReference; includeInIndex = 1; lastKnownFileType = text.xcconfig; name = "Pods-AnimeHub.debug.xcconfig"; path = "Target Support Files/Pods-AnimeHub/Pods-AnimeHub.debug.xcconfig"; sourceTree = "<group>"; };
/* End PBXFileReference section */

/* Begin PBXFrameworksBuildPhase section */
		04FA235D2ACE4E380061AED7 /* Frameworks */ = {
			isa = PBXFrameworksBuildPhase;
			buildActionMask = 2147483647;
			files = (
				6D05CA1B13EEAC5AEB429242 /* Pods_AnimeHub.framework in Frameworks */,
			);
			runOnlyForDeploymentPostprocessing = 0;
		};
/* End PBXFrameworksBuildPhase section */

/* Begin PBXGroup section */
		04266ECD2AD5AB3800488149 /* Cell */ = {
			isa = PBXGroup;
			children = (
				04266ECE2AD5AB5F00488149 /* AnimeCollectionViewCell.swift */,
				04266ECF2AD5AB5F00488149 /* AnimeCollectionViewCell.xib */,
			);
			path = Cell;
			sourceTree = "<group>";
		};
		04FA23572ACE4E380061AED7 = {
			isa = PBXGroup;
			children = (
				04FA23CB2ACEA8700061AED7 /* swiftgen.yml */,
				04FA23622ACE4E380061AED7 /* AnimeHub */,
				04FA23612ACE4E380061AED7 /* Products */,
				FF37920ED0C8B723244CE95C /* Pods */,
				ECD7EC4BCE64C3FD30FE3EE3 /* Frameworks */,
			);
			sourceTree = "<group>";
		};
		04FA23612ACE4E380061AED7 /* Products */ = {
			isa = PBXGroup;
			children = (
				04FA23602ACE4E380061AED7 /* AnimeHub.app */,
			);
			name = Products;
			sourceTree = "<group>";
		};
		04FA23622ACE4E380061AED7 /* AnimeHub */ = {
			isa = PBXGroup;
			children = (
				04FA23832ACE64D50061AED7 /* Application */,
				04FA23852ACE65460061AED7 /* Data */,
				04FA23862ACE65530061AED7 /* Extension */,
				04FA23882ACE66490061AED7 /* Resources */,
				04FA24562ACFF8930061AED7 /* Repository */,
				04FA238A2ACE66AB0061AED7 /* Utils */,
				04FA23892ACE66A50061AED7 /* Scenes */,
				04FA236E2ACE4E3F0061AED7 /* LaunchScreen.storyboard */,
				04FA23712ACE4E3F0061AED7 /* Info.plist */,
			);
			path = AnimeHub;
			sourceTree = "<group>";
		};
		04FA23832ACE64D50061AED7 /* Application */ = {
			isa = PBXGroup;
			children = (
				04FA23632ACE4E380061AED7 /* AppDelegate.swift */,
			);
			path = Application;
			sourceTree = "<group>";
		};
		04FA23852ACE65460061AED7 /* Data */ = {
			isa = PBXGroup;
			children = (
				04FA23872ACE66100061AED7 /* Models */,
				04FA24D02AD3CF190061AED7 /* Source */,
			);
			path = Data;
			sourceTree = "<group>";
		};
		04FA23862ACE65530061AED7 /* Extension */ = {
			isa = PBXGroup;
			children = (
				04FA24A32AD392480061AED7 /* UIViewController+.swift */,
				04FA24B22AD396CA0061AED7 /* ViewController+Rx.swift */,
				04FA24E82AD3E2000061AED7 /* UINavigationController+.swift */,
				04266EC72AD5A55A00488149 /* UISearchBar+.swift */,
				04266ECA2AD5A57500488149 /* UIImage+.swift */,
				04266F112AD68AA800488149 /* String+.swift */,
				04266F272AD6E9FB00488149 /* UIButton+.swift */,
			);
			path = Extension;
			sourceTree = "<group>";
		};
		04FA23872ACE66100061AED7 /* Models */ = {
			isa = PBXGroup;
			children = (
				04FA23EB2ACEB7FB0061AED7 /* Endpoint.swift */,
				04FA23EE2ACEBB8D0061AED7 /* Anime.swift */,
				04FA24092ACF08C70061AED7 /* Image.swift */,
				04FA240C2ACF09420061AED7 /* BriefInfo.swift */,
				04FA24142ACF0C400061AED7 /* Statistics.swift */,
				04FA24172ACF0CF00061AED7 /* Score.swift */,
				04266F032AD6770F00488149 /* Filter.swift */,
			);
			path = Models;
			sourceTree = "<group>";
		};
		04FA23882ACE66490061AED7 /* Resources */ = {
			isa = PBXGroup;
			children = (
				04FA236C2ACE4E3F0061AED7 /* Assets.xcassets */,
				04FA23D22ACEABB40061AED7 /* Localizable.strings */,
				04FA23D52ACEAEC80061AED7 /* Strings+Generated.swift */,
				04FA23D82ACEAED20061AED7 /* XCAssets+Generated.swift */,
			);
			path = Resources;
			sourceTree = "<group>";
		};
		04FA23892ACE66A50061AED7 /* Scenes */ = {
			isa = PBXGroup;
			children = (
				04FA24952AD38E860061AED7 /* App */,
				04FA23962ACE68020061AED7 /* Detail */,
				04FA23952ACE67FB0061AED7 /* Favorite */,
				04FA23922ACE67E60061AED7 /* Home */,
				04FA23942ACE67F40061AED7 /* Seasonal */,
				04FA23932ACE67ED0061AED7 /* Search */,
			);
			path = Scenes;
			sourceTree = "<group>";
		};
		04FA238A2ACE66AB0061AED7 /* Utils */ = {
			isa = PBXGroup;
			children = (
				04FA24B52AD3AAB50061AED7 /* Constant */,
				04FA24652AD1975A0061AED7 /* ViewModelType.swift */,
				04FA246E2AD1A52E0061AED7 /* Bindable.swift */,
				04266F242AD6A89E00488149 /* PresentationController.swift */,
			);
			path = Utils;
			sourceTree = "<group>";
		};
		04FA238D2ACE676C0061AED7 /* Service */ = {
			isa = PBXGroup;
			children = (
				04FA238E2ACE67DA0061AED7 /* APICaller.swift */,
			);
			path = Service;
			sourceTree = "<group>";
		};
		04FA23922ACE67E60061AED7 /* Home */ = {
			isa = PBXGroup;
			children = (
				04FA24412ACFF64D0061AED7 /* Cell */,
				04FA239C2ACE683A0061AED7 /* View */,
				04FA239B2ACE68320061AED7 /* ViewModel */,
				04FA24682AD19D100061AED7 /* HomeUseCase.swift */,
				04FA246B2AD19D260061AED7 /* HomeNavigator.swift */,
			);
			path = Home;
			sourceTree = "<group>";
		};
		04FA23932ACE67ED0061AED7 /* Search */ = {
			isa = PBXGroup;
			children = (
				04266ECD2AD5AB3800488149 /* Cell */,
				04FA23A02ACE685A0061AED7 /* View */,
				04FA239F2ACE684E0061AED7 /* ViewModel */,
				04266EC12AD5A32700488149 /* SearchUseCase.swift */,
				04266EC42AD5A33800488149 /* SearchNavigator.swift */,
			);
			path = Search;
			sourceTree = "<group>";
		};
		04FA23942ACE67F40061AED7 /* Seasonal */ = {
			isa = PBXGroup;
			children = (
				04FA239E2ACE68460061AED7 /* View */,
				04FA239D2ACE683F0061AED7 /* ViewModel */,
				04266EDE2AD64BC300488149 /* SeasonalUseCase.swift */,
				04266EE12AD64BD400488149 /* SeasonalNavigator.swift */,
			);
			path = Seasonal;
			sourceTree = "<group>";
		};
		04FA23952ACE67FB0061AED7 /* Favorite */ = {
			isa = PBXGroup;
			children = (
				04FA239A2ACE682D0061AED7 /* View */,
				04FA23992ACE68250061AED7 /* ViewModel */,
			);
			path = Favorite;
			sourceTree = "<group>";
		};
		04FA23962ACE68020061AED7 /* Detail */ = {
			isa = PBXGroup;
			children = (
				04FA23982ACE68200061AED7 /* View */,
				04FA23972ACE68180061AED7 /* ViewModel */,
				04924AA22AD7CBCB00BEC003 /* DetailUseCase.swift */,
				04924AA52AD7CBF200BEC003 /* DetailNavigator.swift */,
			);
			path = Detail;
			sourceTree = "<group>";
		};
		04FA23972ACE68180061AED7 /* ViewModel */ = {
			isa = PBXGroup;
			children = (
				04924A9E2AD7CBAE00BEC003 /* DetailViewModel.swift */,
			);
			path = ViewModel;
			sourceTree = "<group>";
		};
		04FA23982ACE68200061AED7 /* View */ = {
			isa = PBXGroup;
			children = (
				04924A9B2AD7CB9300BEC003 /* DetailViewController.swift */,
			);
			path = View;
			sourceTree = "<group>";
		};
		04FA23992ACE68250061AED7 /* ViewModel */ = {
			isa = PBXGroup;
			children = (
			);
			path = ViewModel;
			sourceTree = "<group>";
		};
		04FA239A2ACE682D0061AED7 /* View */ = {
			isa = PBXGroup;
			children = (
				04FA23BA2ACE97300061AED7 /* FavoriteViewController.swift */,
				04FA23BB2ACE97300061AED7 /* FavoriteViewController.xib */,
			);
			path = View;
			sourceTree = "<group>";
		};
		04FA239B2ACE68320061AED7 /* ViewModel */ = {
			isa = PBXGroup;
			children = (
				04FA24532ACFF8750061AED7 /* HomeViewModel.swift */,
			);
			path = ViewModel;
			sourceTree = "<group>";
		};
		04FA239C2ACE683A0061AED7 /* View */ = {
			isa = PBXGroup;
			children = (
				04FA23B52ACE97110061AED7 /* HomeViewController.swift */,
				04FA23B62ACE97110061AED7 /* HomeViewController.xib */,
				04266F1F2AD6A68500488149 /* BottomSheetViewController.swift */,
				04266F202AD6A68500488149 /* BottomSheetViewController.xib */,
			);
			path = View;
			sourceTree = "<group>";
		};
		04FA239D2ACE683F0061AED7 /* ViewModel */ = {
			isa = PBXGroup;
			children = (
				04266EDB2AD64B9B00488149 /* SeasonalViewModel.swift */,
			);
			path = ViewModel;
			sourceTree = "<group>";
		};
		04FA239E2ACE68460061AED7 /* View */ = {
			isa = PBXGroup;
			children = (
				04FA23BF2ACE97620061AED7 /* SeasonalViewController.swift */,
				04FA23C02ACE97620061AED7 /* SeasonalViewController.xib */,
			);
			path = View;
			sourceTree = "<group>";
		};
		04FA239F2ACE684E0061AED7 /* ViewModel */ = {
			isa = PBXGroup;
			children = (
				04266EBE2AD5A2F400488149 /* SearchViewModel.swift */,
			);
			path = ViewModel;
			sourceTree = "<group>";
		};
		04FA23A02ACE685A0061AED7 /* View */ = {
			isa = PBXGroup;
			children = (
				04FA23C42ACE97780061AED7 /* SearchViewController.swift */,
				04FA23C52ACE97780061AED7 /* SearchViewController.xib */,
			);
			path = View;
			sourceTree = "<group>";
		};
		04FA241A2ACFA8CE0061AED7 /* Response */ = {
			isa = PBXGroup;
			children = (
				04FA241B2ACFA8E10061AED7 /* AnimeResponse.swift */,
				04FA241F2ACFA9190061AED7 /* StatisticsResponse.swift */,
				04FA24222ACFA93E0061AED7 /* ImageResponse.swift */,
			);
			path = Response;
			sourceTree = "<group>";
		};
		04FA24412ACFF64D0061AED7 /* Cell */ = {
			isa = PBXGroup;
			children = (
				04FA24422ACFF64D0061AED7 /* HomeTableViewCell.swift */,
				04FA24432ACFF64D0061AED7 /* HomeTableViewCell.xib */,
			);
			name = Cell;
			path = View/Cell;
			sourceTree = "<group>";
		};
		04FA24562ACFF8930061AED7 /* Repository */ = {
			isa = PBXGroup;
			children = (
				04FA24572ACFF8F90061AED7 /* RecommendationsRepository.swift */,
				04266ED72AD6360D00488149 /* SearchRepository.swift */,
				04266F002AD6734100488149 /* SeasonalRepository.swift */,
			);
			path = Repository;
			sourceTree = "<group>";
		};
		04FA24952AD38E860061AED7 /* App */ = {
			isa = PBXGroup;
			children = (
				04FA24962AD38E990061AED7 /* AppNavigator.swift */,
				04FA249A2AD38EAA0061AED7 /* AppUseCase.swift */,
				04FA249D2AD38EB80061AED7 /* AppViewModel.swift */,
			);
			path = App;
			sourceTree = "<group>";
		};
		04FA24B52AD3AAB50061AED7 /* Constant */ = {
			isa = PBXGroup;
			children = (
				04FA24B62AD3AACA0061AED7 /* Constant.swift */,
			);
			path = Constant;
			sourceTree = "<group>";
		};
		04FA24D02AD3CF190061AED7 /* Source */ = {
			isa = PBXGroup;
			children = (
				04FA24D42AD3CF840061AED7 /* Local */,
				04FA24D52AD3D0140061AED7 /* Remote */,
			);
			path = Source;
			sourceTree = "<group>";
		};
		04FA24D42AD3CF840061AED7 /* Local */ = {
			isa = PBXGroup;
			children = (
			);
			path = Local;
			sourceTree = "<group>";
		};
		04FA24D52AD3D0140061AED7 /* Remote */ = {
			isa = PBXGroup;
			children = (
				04FA24D62AD3D0310061AED7 /* API */,
				04FA238D2ACE676C0061AED7 /* Service */,
			);
			path = Remote;
			sourceTree = "<group>";
		};
		04FA24D62AD3D0310061AED7 /* API */ = {
			isa = PBXGroup;
			children = (
				04FA24D72AD3D07D0061AED7 /* Request */,
				04FA241A2ACFA8CE0061AED7 /* Response */,
			);
			path = API;
			sourceTree = "<group>";
		};
		04FA24D72AD3D07D0061AED7 /* Request */ = {
			isa = PBXGroup;
			children = (
				04FA24D82AD3D1480061AED7 /* BaseRequest.swift */,
				04FA24E02AD3D3990061AED7 /* AnimeRequest.swift */,
				04266ED42AD62FCC00488149 /* SearchRequest.swift */,
				04266EE82AD657F300488149 /* SeasonalRequest.swift */,
			);
			path = Request;
			sourceTree = "<group>";
		};
		ECD7EC4BCE64C3FD30FE3EE3 /* Frameworks */ = {
			isa = PBXGroup;
			children = (
				05098AFED9167E78FC5D4212 /* Pods_AnimeHub.framework */,
			);
			name = Frameworks;
			sourceTree = "<group>";
		};
		FF37920ED0C8B723244CE95C /* Pods */ = {
			isa = PBXGroup;
			children = (
				9EE7942C5408492F9D390252 /* Pods-AnimeHub.debug.xcconfig */,
				847D97C30EEDDF7440987817 /* Pods-AnimeHub.release.xcconfig */,
			);
			path = Pods;
			sourceTree = "<group>";
		};
/* End PBXGroup section */

/* Begin PBXNativeTarget section */
		04FA235F2ACE4E380061AED7 /* AnimeHub */ = {
			isa = PBXNativeTarget;
			buildConfigurationList = 04FA23742ACE4E3F0061AED7 /* Build configuration list for PBXNativeTarget "AnimeHub" */;
			buildPhases = (
				E4917F45978ED767AA44688F /* [CP] Check Pods Manifest.lock */,
				04FA235C2ACE4E380061AED7 /* Sources */,
				04FA235D2ACE4E380061AED7 /* Frameworks */,
				04FA235E2ACE4E380061AED7 /* Resources */,
				04FA23792ACE51A50061AED7 /* ShellScript */,
				EB598DDAD15846869E7DFC6E /* [CP] Embed Pods Frameworks */,
			);
			buildRules = (
			);
			dependencies = (
			);
			name = AnimeHub;
			productName = AnimeHub;
			productReference = 04FA23602ACE4E380061AED7 /* AnimeHub.app */;
			productType = "com.apple.product-type.application";
		};
/* End PBXNativeTarget section */

/* Begin PBXProject section */
		04FA23582ACE4E380061AED7 /* Project object */ = {
			isa = PBXProject;
			attributes = {
				LastSwiftUpdateCheck = 1240;
				LastUpgradeCheck = 1240;
				TargetAttributes = {
					04FA235F2ACE4E380061AED7 = {
						CreatedOnToolsVersion = 12.4;
					};
				};
			};
			buildConfigurationList = 04FA235B2ACE4E380061AED7 /* Build configuration list for PBXProject "AnimeHub" */;
			compatibilityVersion = "Xcode 9.3";
			developmentRegion = en;
			hasScannedForEncodings = 0;
			knownRegions = (
				en,
				Base,
			);
			mainGroup = 04FA23572ACE4E380061AED7;
			productRefGroup = 04FA23612ACE4E380061AED7 /* Products */;
			projectDirPath = "";
			projectRoot = "";
			targets = (
				04FA235F2ACE4E380061AED7 /* AnimeHub */,
			);
		};
/* End PBXProject section */

/* Begin PBXResourcesBuildPhase section */
		04FA235E2ACE4E380061AED7 /* Resources */ = {
			isa = PBXResourcesBuildPhase;
			buildActionMask = 2147483647;
			files = (
				04FA23702ACE4E3F0061AED7 /* LaunchScreen.storyboard in Resources */,
				04FA23CC2ACEA8700061AED7 /* swiftgen.yml in Resources */,
				04FA236D2ACE4E3F0061AED7 /* Assets.xcassets in Resources */,
				04FA23C72ACE97780061AED7 /* SearchViewController.xib in Resources */,
				04FA24452ACFF64D0061AED7 /* HomeTableViewCell.xib in Resources */,
				04FA23C22ACE97620061AED7 /* SeasonalViewController.xib in Resources */,
				04FA23D32ACEABB40061AED7 /* Localizable.strings in Resources */,
				04266ED12AD5AB5F00488149 /* AnimeCollectionViewCell.xib in Resources */,
				04FA23BD2ACE97300061AED7 /* FavoriteViewController.xib in Resources */,
				04266F222AD6A68500488149 /* BottomSheetViewController.xib in Resources */,
				04FA23B82ACE97110061AED7 /* HomeViewController.xib in Resources */,
			);
			runOnlyForDeploymentPostprocessing = 0;
		};
/* End PBXResourcesBuildPhase section */

/* Begin PBXShellScriptBuildPhase section */
		04FA23792ACE51A50061AED7 /* ShellScript */ = {
			isa = PBXShellScriptBuildPhase;
			buildActionMask = 2147483647;
			files = (
			);
			inputFileListPaths = (
			);
			inputPaths = (
			);
			outputFileListPaths = (
			);
			outputPaths = (
			);
			runOnlyForDeploymentPostprocessing = 0;
			shellPath = /bin/sh;
			shellScript = "\"${PODS_ROOT}/SwiftLint/swiftlint\"\n\nif [[ -f \"${PODS_ROOT}/SwiftGen/bin/swiftgen\" ]]; then\n  \"${PODS_ROOT}/SwiftGen/bin/swiftgen\"\nelse\n  echo \"warning: SwiftGen is not installed. Run 'pod install --repo-update' to install it.\"\nfi \n";
		};
		E4917F45978ED767AA44688F /* [CP] Check Pods Manifest.lock */ = {
			isa = PBXShellScriptBuildPhase;
			buildActionMask = 2147483647;
			files = (
			);
			inputFileListPaths = (
			);
			inputPaths = (
				"${PODS_PODFILE_DIR_PATH}/Podfile.lock",
				"${PODS_ROOT}/Manifest.lock",
			);
			name = "[CP] Check Pods Manifest.lock";
			outputFileListPaths = (
			);
			outputPaths = (
				"$(DERIVED_FILE_DIR)/Pods-AnimeHub-checkManifestLockResult.txt",
			);
			runOnlyForDeploymentPostprocessing = 0;
			shellPath = /bin/sh;
			shellScript = "diff \"${PODS_PODFILE_DIR_PATH}/Podfile.lock\" \"${PODS_ROOT}/Manifest.lock\" > /dev/null\nif [ $? != 0 ] ; then\n    # print error to STDERR\n    echo \"error: The sandbox is not in sync with the Podfile.lock. Run 'pod install' or update your CocoaPods installation.\" >&2\n    exit 1\nfi\n# This output is used by Xcode 'outputs' to avoid re-running this script phase.\necho \"SUCCESS\" > \"${SCRIPT_OUTPUT_FILE_0}\"\n";
			showEnvVarsInLog = 0;
		};
		EB598DDAD15846869E7DFC6E /* [CP] Embed Pods Frameworks */ = {
			isa = PBXShellScriptBuildPhase;
			buildActionMask = 2147483647;
			files = (
			);
			inputFileListPaths = (
				"${PODS_ROOT}/Target Support Files/Pods-AnimeHub/Pods-AnimeHub-frameworks-${CONFIGURATION}-input-files.xcfilelist",
			);
			name = "[CP] Embed Pods Frameworks";
			outputFileListPaths = (
				"${PODS_ROOT}/Target Support Files/Pods-AnimeHub/Pods-AnimeHub-frameworks-${CONFIGURATION}-output-files.xcfilelist",
			);
			runOnlyForDeploymentPostprocessing = 0;
			shellPath = /bin/sh;
			shellScript = "\"${PODS_ROOT}/Target Support Files/Pods-AnimeHub/Pods-AnimeHub-frameworks.sh\"\n";
			showEnvVarsInLog = 0;
		};
/* End PBXShellScriptBuildPhase section */

/* Begin PBXSourcesBuildPhase section */
		04FA235C2ACE4E380061AED7 /* Sources */ = {
			isa = PBXSourcesBuildPhase;
			buildActionMask = 2147483647;
			files = (
				04266EC22AD5A32700488149 /* SearchUseCase.swift in Sources */,
				04266F212AD6A68500488149 /* BottomSheetViewController.swift in Sources */,
				04FA24662AD1975A0061AED7 /* ViewModelType.swift in Sources */,
				04FA24A42AD392480061AED7 /* UIViewController+.swift in Sources */,
				04FA24152ACF0C400061AED7 /* Statistics.swift in Sources */,
				04FA249E2AD38EB80061AED7 /* AppViewModel.swift in Sources */,
				04266F122AD68AA800488149 /* String+.swift in Sources */,
				04FA23D92ACEAED20061AED7 /* XCAssets+Generated.swift in Sources */,
				04266F012AD6734100488149 /* SeasonalRepository.swift in Sources */,
				04266F282AD6E9FB00488149 /* UIButton+.swift in Sources */,
				04FA240A2ACF08C70061AED7 /* Image.swift in Sources */,
				04266EE92AD657F300488149 /* SeasonalRequest.swift in Sources */,
				04FA24542ACFF8750061AED7 /* HomeViewModel.swift in Sources */,
				04266EE22AD64BD400488149 /* SeasonalNavigator.swift in Sources */,
				04FA24182ACF0CF00061AED7 /* Score.swift in Sources */,
				04FA23C62ACE97780061AED7 /* SearchViewController.swift in Sources */,
				04FA24B32AD396CA0061AED7 /* ViewController+Rx.swift in Sources */,
				04FA24442ACFF64D0061AED7 /* HomeTableViewCell.swift in Sources */,
				04FA24972AD38E990061AED7 /* AppNavigator.swift in Sources */,
				04266ED52AD62FCC00488149 /* SearchRequest.swift in Sources */,
				04FA23642ACE4E380061AED7 /* AppDelegate.swift in Sources */,
				04266EC82AD5A55A00488149 /* UISearchBar+.swift in Sources */,
				04924A9C2AD7CB9300BEC003 /* DetailViewController.swift in Sources */,
				04266EDF2AD64BC300488149 /* SeasonalUseCase.swift in Sources */,
				04FA246C2AD19D260061AED7 /* HomeNavigator.swift in Sources */,
				04266EBF2AD5A2F400488149 /* SearchViewModel.swift in Sources */,
				04FA24582ACFF8F90061AED7 /* RecommendationsRepository.swift in Sources */,
				04266EC52AD5A33800488149 /* SearchNavigator.swift in Sources */,
				04924AA62AD7CBF200BEC003 /* DetailNavigator.swift in Sources */,
				04266ED82AD6360D00488149 /* SearchRepository.swift in Sources */,
				04924A9F2AD7CBAE00BEC003 /* DetailViewModel.swift in Sources */,
				04FA24D92AD3D1480061AED7 /* BaseRequest.swift in Sources */,
				04FA241C2ACFA8E10061AED7 /* AnimeResponse.swift in Sources */,
				04FA24232ACFA93E0061AED7 /* ImageResponse.swift in Sources */,
				04FA23EC2ACEB7FB0061AED7 /* Endpoint.swift in Sources */,
				04FA24B72AD3AACA0061AED7 /* Constant.swift in Sources */,
				04FA24E92AD3E2000061AED7 /* UINavigationController+.swift in Sources */,
				04FA238F2ACE67DA0061AED7 /* APICaller.swift in Sources */,
				04FA23B72ACE97110061AED7 /* HomeViewController.swift in Sources */,
				04FA24E12AD3D3990061AED7 /* AnimeRequest.swift in Sources */,
				04266EDC2AD64B9B00488149 /* SeasonalViewModel.swift in Sources */,
				04FA24202ACFA9190061AED7 /* StatisticsResponse.swift in Sources */,
				04FA23C12ACE97620061AED7 /* SeasonalViewController.swift in Sources */,
				04266ED02AD5AB5F00488149 /* AnimeCollectionViewCell.swift in Sources */,
				04FA23D62ACEAEC80061AED7 /* Strings+Generated.swift in Sources */,
				04FA246F2AD1A52E0061AED7 /* Bindable.swift in Sources */,
				04FA23BC2ACE97300061AED7 /* FavoriteViewController.swift in Sources */,
				04FA240D2ACF09420061AED7 /* BriefInfo.swift in Sources */,
				04266F042AD6770F00488149 /* Filter.swift in Sources */,
				04FA249B2AD38EAA0061AED7 /* AppUseCase.swift in Sources */,
				04924AA32AD7CBCB00BEC003 /* DetailUseCase.swift in Sources */,
				04FA24692AD19D100061AED7 /* HomeUseCase.swift in Sources */,
				04FA23EF2ACEBB8D0061AED7 /* Anime.swift in Sources */,
				04266F252AD6A89E00488149 /* PresentationController.swift in Sources */,
				04266ECB2AD5A57500488149 /* UIImage+.swift in Sources */,
			);
			runOnlyForDeploymentPostprocessing = 0;
		};
/* End PBXSourcesBuildPhase section */

/* Begin PBXVariantGroup section */
		04FA236E2ACE4E3F0061AED7 /* LaunchScreen.storyboard */ = {
			isa = PBXVariantGroup;
			children = (
				04FA236F2ACE4E3F0061AED7 /* Base */,
			);
			name = LaunchScreen.storyboard;
			sourceTree = "<group>";
		};
/* End PBXVariantGroup section */

/* Begin XCBuildConfiguration section */
		04FA23722ACE4E3F0061AED7 /* Debug */ = {
			isa = XCBuildConfiguration;
			buildSettings = {
				ALWAYS_SEARCH_USER_PATHS = NO;
				CLANG_ANALYZER_NONNULL = YES;
				CLANG_ANALYZER_NUMBER_OBJECT_CONVERSION = YES_AGGRESSIVE;
				CLANG_CXX_LANGUAGE_STANDARD = "gnu++14";
				CLANG_CXX_LIBRARY = "libc++";
				CLANG_ENABLE_MODULES = YES;
				CLANG_ENABLE_OBJC_ARC = YES;
				CLANG_ENABLE_OBJC_WEAK = YES;
				CLANG_WARN_BLOCK_CAPTURE_AUTORELEASING = YES;
				CLANG_WARN_BOOL_CONVERSION = YES;
				CLANG_WARN_COMMA = YES;
				CLANG_WARN_CONSTANT_CONVERSION = YES;
				CLANG_WARN_DEPRECATED_OBJC_IMPLEMENTATIONS = YES;
				CLANG_WARN_DIRECT_OBJC_ISA_USAGE = YES_ERROR;
				CLANG_WARN_DOCUMENTATION_COMMENTS = YES;
				CLANG_WARN_EMPTY_BODY = YES;
				CLANG_WARN_ENUM_CONVERSION = YES;
				CLANG_WARN_INFINITE_RECURSION = YES;
				CLANG_WARN_INT_CONVERSION = YES;
				CLANG_WARN_NON_LITERAL_NULL_CONVERSION = YES;
				CLANG_WARN_OBJC_IMPLICIT_RETAIN_SELF = YES;
				CLANG_WARN_OBJC_LITERAL_CONVERSION = YES;
				CLANG_WARN_OBJC_ROOT_CLASS = YES_ERROR;
				CLANG_WARN_QUOTED_INCLUDE_IN_FRAMEWORK_HEADER = YES;
				CLANG_WARN_RANGE_LOOP_ANALYSIS = YES;
				CLANG_WARN_STRICT_PROTOTYPES = YES;
				CLANG_WARN_SUSPICIOUS_MOVE = YES;
				CLANG_WARN_UNGUARDED_AVAILABILITY = YES_AGGRESSIVE;
				CLANG_WARN_UNREACHABLE_CODE = YES;
				CLANG_WARN__DUPLICATE_METHOD_MATCH = YES;
				COPY_PHASE_STRIP = NO;
				DEBUG_INFORMATION_FORMAT = dwarf;
				ENABLE_STRICT_OBJC_MSGSEND = YES;
				ENABLE_TESTABILITY = YES;
				GCC_C_LANGUAGE_STANDARD = gnu11;
				GCC_DYNAMIC_NO_PIC = NO;
				GCC_NO_COMMON_BLOCKS = YES;
				GCC_OPTIMIZATION_LEVEL = 0;
				GCC_PREPROCESSOR_DEFINITIONS = (
					"DEBUG=1",
					"$(inherited)",
				);
				GCC_WARN_64_TO_32_BIT_CONVERSION = YES;
				GCC_WARN_ABOUT_RETURN_TYPE = YES_ERROR;
				GCC_WARN_UNDECLARED_SELECTOR = YES;
				GCC_WARN_UNINITIALIZED_AUTOS = YES_AGGRESSIVE;
				GCC_WARN_UNUSED_FUNCTION = YES;
				GCC_WARN_UNUSED_VARIABLE = YES;
				IPHONEOS_DEPLOYMENT_TARGET = 14.4;
				MTL_ENABLE_DEBUG_INFO = INCLUDE_SOURCE;
				MTL_FAST_MATH = YES;
				ONLY_ACTIVE_ARCH = YES;
				SDKROOT = iphoneos;
				SWIFT_ACTIVE_COMPILATION_CONDITIONS = DEBUG;
				SWIFT_OPTIMIZATION_LEVEL = "-Onone";
			};
			name = Debug;
		};
		04FA23732ACE4E3F0061AED7 /* Release */ = {
			isa = XCBuildConfiguration;
			buildSettings = {
				ALWAYS_SEARCH_USER_PATHS = NO;
				CLANG_ANALYZER_NONNULL = YES;
				CLANG_ANALYZER_NUMBER_OBJECT_CONVERSION = YES_AGGRESSIVE;
				CLANG_CXX_LANGUAGE_STANDARD = "gnu++14";
				CLANG_CXX_LIBRARY = "libc++";
				CLANG_ENABLE_MODULES = YES;
				CLANG_ENABLE_OBJC_ARC = YES;
				CLANG_ENABLE_OBJC_WEAK = YES;
				CLANG_WARN_BLOCK_CAPTURE_AUTORELEASING = YES;
				CLANG_WARN_BOOL_CONVERSION = YES;
				CLANG_WARN_COMMA = YES;
				CLANG_WARN_CONSTANT_CONVERSION = YES;
				CLANG_WARN_DEPRECATED_OBJC_IMPLEMENTATIONS = YES;
				CLANG_WARN_DIRECT_OBJC_ISA_USAGE = YES_ERROR;
				CLANG_WARN_DOCUMENTATION_COMMENTS = YES;
				CLANG_WARN_EMPTY_BODY = YES;
				CLANG_WARN_ENUM_CONVERSION = YES;
				CLANG_WARN_INFINITE_RECURSION = YES;
				CLANG_WARN_INT_CONVERSION = YES;
				CLANG_WARN_NON_LITERAL_NULL_CONVERSION = YES;
				CLANG_WARN_OBJC_IMPLICIT_RETAIN_SELF = YES;
				CLANG_WARN_OBJC_LITERAL_CONVERSION = YES;
				CLANG_WARN_OBJC_ROOT_CLASS = YES_ERROR;
				CLANG_WARN_QUOTED_INCLUDE_IN_FRAMEWORK_HEADER = YES;
				CLANG_WARN_RANGE_LOOP_ANALYSIS = YES;
				CLANG_WARN_STRICT_PROTOTYPES = YES;
				CLANG_WARN_SUSPICIOUS_MOVE = YES;
				CLANG_WARN_UNGUARDED_AVAILABILITY = YES_AGGRESSIVE;
				CLANG_WARN_UNREACHABLE_CODE = YES;
				CLANG_WARN__DUPLICATE_METHOD_MATCH = YES;
				COPY_PHASE_STRIP = NO;
				DEBUG_INFORMATION_FORMAT = "dwarf-with-dsym";
				ENABLE_NS_ASSERTIONS = NO;
				ENABLE_STRICT_OBJC_MSGSEND = YES;
				GCC_C_LANGUAGE_STANDARD = gnu11;
				GCC_NO_COMMON_BLOCKS = YES;
				GCC_WARN_64_TO_32_BIT_CONVERSION = YES;
				GCC_WARN_ABOUT_RETURN_TYPE = YES_ERROR;
				GCC_WARN_UNDECLARED_SELECTOR = YES;
				GCC_WARN_UNINITIALIZED_AUTOS = YES_AGGRESSIVE;
				GCC_WARN_UNUSED_FUNCTION = YES;
				GCC_WARN_UNUSED_VARIABLE = YES;
				IPHONEOS_DEPLOYMENT_TARGET = 14.4;
				MTL_ENABLE_DEBUG_INFO = NO;
				MTL_FAST_MATH = YES;
				SDKROOT = iphoneos;
				SWIFT_COMPILATION_MODE = wholemodule;
				SWIFT_OPTIMIZATION_LEVEL = "-O";
				VALIDATE_PRODUCT = YES;
			};
			name = Release;
		};
		04FA23752ACE4E3F0061AED7 /* Debug */ = {
			isa = XCBuildConfiguration;
			baseConfigurationReference = 9EE7942C5408492F9D390252 /* Pods-AnimeHub.debug.xcconfig */;
			buildSettings = {
				ASSETCATALOG_COMPILER_APPICON_NAME = AppIcon;
				ASSETCATALOG_COMPILER_GLOBAL_ACCENT_COLOR_NAME = AccentColor;
				CODE_SIGN_STYLE = Automatic;
				DEVELOPMENT_TEAM = 6KBCABK7LR;
				INFOPLIST_FILE = AnimeHub/Info.plist;
				LD_RUNPATH_SEARCH_PATHS = (
					"$(inherited)",
					"@executable_path/Frameworks",
				);
				PRODUCT_BUNDLE_IDENTIFIER = com.tuankieu.AnimeHub;
				PRODUCT_NAME = "$(TARGET_NAME)";
				SWIFT_VERSION = 5.0;
				TARGETED_DEVICE_FAMILY = "1,2";
			};
			name = Debug;
		};
		04FA23762ACE4E3F0061AED7 /* Release */ = {
			isa = XCBuildConfiguration;
			baseConfigurationReference = 847D97C30EEDDF7440987817 /* Pods-AnimeHub.release.xcconfig */;
			buildSettings = {
				ASSETCATALOG_COMPILER_APPICON_NAME = AppIcon;
				ASSETCATALOG_COMPILER_GLOBAL_ACCENT_COLOR_NAME = AccentColor;
				CODE_SIGN_STYLE = Automatic;
				DEVELOPMENT_TEAM = 6KBCABK7LR;
				INFOPLIST_FILE = AnimeHub/Info.plist;
				LD_RUNPATH_SEARCH_PATHS = (
					"$(inherited)",
					"@executable_path/Frameworks",
				);
				PRODUCT_BUNDLE_IDENTIFIER = com.tuankieu.AnimeHub;
				PRODUCT_NAME = "$(TARGET_NAME)";
				SWIFT_VERSION = 5.0;
				TARGETED_DEVICE_FAMILY = "1,2";
			};
			name = Release;
		};
/* End XCBuildConfiguration section */

/* Begin XCConfigurationList section */
		04FA235B2ACE4E380061AED7 /* Build configuration list for PBXProject "AnimeHub" */ = {
			isa = XCConfigurationList;
			buildConfigurations = (
				04FA23722ACE4E3F0061AED7 /* Debug */,
				04FA23732ACE4E3F0061AED7 /* Release */,
			);
			defaultConfigurationIsVisible = 0;
			defaultConfigurationName = Release;
		};
		04FA23742ACE4E3F0061AED7 /* Build configuration list for PBXNativeTarget "AnimeHub" */ = {
			isa = XCConfigurationList;
			buildConfigurations = (
				04FA23752ACE4E3F0061AED7 /* Debug */,
				04FA23762ACE4E3F0061AED7 /* Release */,
			);
			defaultConfigurationIsVisible = 0;
			defaultConfigurationName = Release;
		};
/* End XCConfigurationList section */
	};
	rootObject = 04FA23582ACE4E380061AED7 /* Project object */;
}
